// !$*UTF8*$!
{
	archiveVersion = 1;
	classes = {
	};
	objectVersion = 46;
	objects = {

/* Begin PBXBuildFile section */
		9A50C27F1F25E00B00AAC7D0 /* Alamofire.framework in Frameworks */ = {isa = PBXBuildFile; fileRef = 9AEDC0401F25A61200A9054E /* Alamofire.framework */; };
		9A50C2801F25E00B00AAC7D0 /* Alamofire.framework in Embed Frameworks */ = {isa = PBXBuildFile; fileRef = 9AEDC0401F25A61200A9054E /* Alamofire.framework */; settings = {ATTRIBUTES = (CodeSignOnCopy, RemoveHeadersOnCopy, ); }; };
		9AEDC0231F259AE800A9054E /* AppDelegate.swift in Sources */ = {isa = PBXBuildFile; fileRef = 9AEDC0221F259AE800A9054E /* AppDelegate.swift */; };
		9AEDC0251F259AE800A9054E /* ViewController.swift in Sources */ = {isa = PBXBuildFile; fileRef = 9AEDC0241F259AE800A9054E /* ViewController.swift */; };
		9AEDC0281F259AE800A9054E /* Main.storyboard in Resources */ = {isa = PBXBuildFile; fileRef = 9AEDC0261F259AE800A9054E /* Main.storyboard */; };
		9AEDC02A1F259AE800A9054E /* Assets.xcassets in Resources */ = {isa = PBXBuildFile; fileRef = 9AEDC0291F259AE800A9054E /* Assets.xcassets */; };
		9AEDC02D1F259AE800A9054E /* LaunchScreen.storyboard in Resources */ = {isa = PBXBuildFile; fileRef = 9AEDC02B1F259AE800A9054E /* LaunchScreen.storyboard */; };
/* End PBXBuildFile section */

/* Begin PBXContainerItemProxy section */
		9A50C2811F25E00B00AAC7D0 /* PBXContainerItemProxy */ = {
			isa = PBXContainerItemProxy;
			containerPortal = 9AEDC0341F25A61200A9054E /* Alamofire.xcodeproj */;
			proxyType = 1;
			remoteGlobalIDString = F8111E3219A95C8B0040E7D1;
			remoteInfo = "Alamofire iOS";
		};
		9AEDC03F1F25A61200A9054E /* PBXContainerItemProxy */ = {
			isa = PBXContainerItemProxy;
			containerPortal = 9AEDC0341F25A61200A9054E /* Alamofire.xcodeproj */;
			proxyType = 2;
			remoteGlobalIDString = F8111E3319A95C8B0040E7D1;
			remoteInfo = "Alamofire iOS";
		};
		9AEDC0411F25A61200A9054E /* PBXContainerItemProxy */ = {
			isa = PBXContainerItemProxy;
			containerPortal = 9AEDC0341F25A61200A9054E /* Alamofire.xcodeproj */;
			proxyType = 2;
			remoteGlobalIDString = F8111E3E19A95C8B0040E7D1;
			remoteInfo = "Alamofire iOS Tests";
		};
		9AEDC0431F25A61200A9054E /* PBXContainerItemProxy */ = {
			isa = PBXContainerItemProxy;
			containerPortal = 9AEDC0341F25A61200A9054E /* Alamofire.xcodeproj */;
			proxyType = 2;
			remoteGlobalIDString = 4DD67C0B1A5C55C900ED2280;
			remoteInfo = "Alamofire macOS";
		};
		9AEDC0451F25A61200A9054E /* PBXContainerItemProxy */ = {
			isa = PBXContainerItemProxy;
			containerPortal = 9AEDC0341F25A61200A9054E /* Alamofire.xcodeproj */;
			proxyType = 2;
			remoteGlobalIDString = F829C6B21A7A94F100A2CD59;
			remoteInfo = "Alamofire macOS Tests";
		};
		9AEDC0471F25A61200A9054E /* PBXContainerItemProxy */ = {
			isa = PBXContainerItemProxy;
			containerPortal = 9AEDC0341F25A61200A9054E /* Alamofire.xcodeproj */;
			proxyType = 2;
			remoteGlobalIDString = 4CF626EF1BA7CB3E0011A099;
			remoteInfo = "Alamofire tvOS";
		};
		9AEDC0491F25A61200A9054E /* PBXContainerItemProxy */ = {
			isa = PBXContainerItemProxy;
			containerPortal = 9AEDC0341F25A61200A9054E /* Alamofire.xcodeproj */;
			proxyType = 2;
			remoteGlobalIDString = 4CF626F81BA7CB3E0011A099;
			remoteInfo = "Alamofire tvOS Tests";
		};
		9AEDC04B1F25A61200A9054E /* PBXContainerItemProxy */ = {
			isa = PBXContainerItemProxy;
			containerPortal = 9AEDC0341F25A61200A9054E /* Alamofire.xcodeproj */;
			proxyType = 2;
			remoteGlobalIDString = E4202FE01B667AA100C997FB;
			remoteInfo = "Alamofire watchOS";
		};
/* End PBXContainerItemProxy section */

/* Begin PBXCopyFilesBuildPhase section */
		9A50C2831F25E00B00AAC7D0 /* Embed Frameworks */ = {
			isa = PBXCopyFilesBuildPhase;
			buildActionMask = 2147483647;
			dstPath = "";
			dstSubfolderSpec = 10;
			files = (
				9A50C2801F25E00B00AAC7D0 /* Alamofire.framework in Embed Frameworks */,
			);
			name = "Embed Frameworks";
			runOnlyForDeploymentPostprocessing = 0;
		};
/* End PBXCopyFilesBuildPhase section */

/* Begin PBXFileReference section */
		9AEDC01F1F259AE800A9054E /* CloudsApp.app */ = {isa = PBXFileReference; explicitFileType = wrapper.application; includeInIndex = 0; path = CloudsApp.app; sourceTree = BUILT_PRODUCTS_DIR; };
		9AEDC0221F259AE800A9054E /* AppDelegate.swift */ = {isa = PBXFileReference; lastKnownFileType = sourcecode.swift; path = AppDelegate.swift; sourceTree = "<group>"; };
		9AEDC0241F259AE800A9054E /* ViewController.swift */ = {isa = PBXFileReference; lastKnownFileType = sourcecode.swift; path = ViewController.swift; sourceTree = "<group>"; };
		9AEDC0271F259AE800A9054E /* Base */ = {isa = PBXFileReference; lastKnownFileType = file.storyboard; name = Base; path = Base.lproj/Main.storyboard; sourceTree = "<group>"; };
		9AEDC0291F259AE800A9054E /* Assets.xcassets */ = {isa = PBXFileReference; lastKnownFileType = folder.assetcatalog; path = Assets.xcassets; sourceTree = "<group>"; };
		9AEDC02C1F259AE800A9054E /* Base */ = {isa = PBXFileReference; lastKnownFileType = file.storyboard; name = Base; path = Base.lproj/LaunchScreen.storyboard; sourceTree = "<group>"; };
		9AEDC02E1F259AE800A9054E /* Info.plist */ = {isa = PBXFileReference; lastKnownFileType = text.plist.xml; path = Info.plist; sourceTree = "<group>"; };
		9AEDC0341F25A61200A9054E /* Alamofire.xcodeproj */ = {isa = PBXFileReference; lastKnownFileType = "wrapper.pb-project"; name = Alamofire.xcodeproj; path = Alamofire/Alamofire.xcodeproj; sourceTree = "<group>"; };
/* End PBXFileReference section */

/* Begin PBXFrameworksBuildPhase section */
		9AEDC01C1F259AE800A9054E /* Frameworks */ = {
			isa = PBXFrameworksBuildPhase;
			buildActionMask = 2147483647;
			files = (
				9A50C27F1F25E00B00AAC7D0 /* Alamofire.framework in Frameworks */,
			);
			runOnlyForDeploymentPostprocessing = 0;
		};
/* End PBXFrameworksBuildPhase section */

/* Begin PBXGroup section */
		9AEDC0161F259AE800A9054E = {
			isa = PBXGroup;
			children = (
				9AEDC0341F25A61200A9054E /* Alamofire.xcodeproj */,
				9AEDC0211F259AE800A9054E /* CloudsApp */,
				9AEDC0201F259AE800A9054E /* Products */,
			);
			sourceTree = "<group>";
		};
		9AEDC0201F259AE800A9054E /* Products */ = {
			isa = PBXGroup;
			children = (
				9AEDC01F1F259AE800A9054E /* CloudsApp.app */,
			);
			name = Products;
			sourceTree = "<group>";
		};
		9AEDC0211F259AE800A9054E /* CloudsApp */ = {
			isa = PBXGroup;
			children = (
				9AEDC0221F259AE800A9054E /* AppDelegate.swift */,
				9AEDC0241F259AE800A9054E /* ViewController.swift */,
				9AEDC0261F259AE800A9054E /* Main.storyboard */,
				9AEDC0291F259AE800A9054E /* Assets.xcassets */,
				9AEDC02B1F259AE800A9054E /* LaunchScreen.storyboard */,
				9AEDC02E1F259AE800A9054E /* Info.plist */,
			);
			path = CloudsApp;
			sourceTree = "<group>";
		};
		9AEDC0351F25A61200A9054E /* Products */ = {
			isa = PBXGroup;
			children = (
				9AEDC0401F25A61200A9054E /* Alamofire.framework */,
				9AEDC0421F25A61200A9054E /* Alamofire iOS Tests.xctest */,
				9AEDC0441F25A61200A9054E /* Alamofire.framework */,
				9AEDC0461F25A61200A9054E /* Alamofire macOS Tests.xctest */,
				9AEDC0481F25A61200A9054E /* Alamofire.framework */,
				9AEDC04A1F25A61200A9054E /* Alamofire tvOS Tests.xctest */,
				9AEDC04C1F25A61200A9054E /* Alamofire.framework */,
			);
			name = Products;
			sourceTree = "<group>";
		};
/* End PBXGroup section */

/* Begin PBXNativeTarget section */
		9AEDC01E1F259AE800A9054E /* CloudsApp */ = {
			isa = PBXNativeTarget;
			buildConfigurationList = 9AEDC0311F259AE800A9054E /* Build configuration list for PBXNativeTarget "CloudsApp" */;
			buildPhases = (
				9AEDC01B1F259AE800A9054E /* Sources */,
				9AEDC01C1F259AE800A9054E /* Frameworks */,
				9AEDC01D1F259AE800A9054E /* Resources */,
				9A50C2831F25E00B00AAC7D0 /* Embed Frameworks */,
			);
			buildRules = (
			);
			dependencies = (
				9A50C2821F25E00B00AAC7D0 /* PBXTargetDependency */,
			);
			name = CloudsApp;
			productName = CloudsApp;
			productReference = 9AEDC01F1F259AE800A9054E /* CloudsApp.app */;
			productType = "com.apple.product-type.application";
		};
/* End PBXNativeTarget section */

/* Begin PBXProject section */
		9AEDC0171F259AE800A9054E /* Project object */ = {
			isa = PBXProject;
			attributes = {
				LastSwiftUpdateCheck = 0830;
				LastUpgradeCheck = 0830;
				ORGANIZATIONNAME = lawliet;
				TargetAttributes = {
					9AEDC01E1F259AE800A9054E = {
						CreatedOnToolsVersion = 8.3.2;
						DevelopmentTeam = V7UD9B9RAP;
						ProvisioningStyle = Automatic;
					};
				};
			};
			buildConfigurationList = 9AEDC01A1F259AE800A9054E /* Build configuration list for PBXProject "CloudsApp" */;
			compatibilityVersion = "Xcode 3.2";
			developmentRegion = English;
			hasScannedForEncodings = 0;
			knownRegions = (
				en,
				Base,
			);
			mainGroup = 9AEDC0161F259AE800A9054E;
			productRefGroup = 9AEDC0201F259AE800A9054E /* Products */;
			projectDirPath = "";
			projectReferences = (
				{
					ProductGroup = 9AEDC0351F25A61200A9054E /* Products */;
					ProjectRef = 9AEDC0341F25A61200A9054E /* Alamofire.xcodeproj */;
				},
			);
			projectRoot = "";
			targets = (
				9AEDC01E1F259AE800A9054E /* CloudsApp */,
			);
		};
/* End PBXProject section */

/* Begin PBXReferenceProxy section */
		9AEDC0401F25A61200A9054E /* Alamofire.framework */ = {
			isa = PBXReferenceProxy;
			fileType = wrapper.framework;
			path = Alamofire.framework;
			remoteRef = 9AEDC03F1F25A61200A9054E /* PBXContainerItemProxy */;
			sourceTree = BUILT_PRODUCTS_DIR;
		};
		9AEDC0421F25A61200A9054E /* Alamofire iOS Tests.xctest */ = {
			isa = PBXReferenceProxy;
			fileType = wrapper.cfbundle;
			path = "Alamofire iOS Tests.xctest";
			remoteRef = 9AEDC0411F25A61200A9054E /* PBXContainerItemProxy */;
			sourceTree = BUILT_PRODUCTS_DIR;
		};
		9AEDC0441F25A61200A9054E /* Alamofire.framework */ = {
			isa = PBXReferenceProxy;
			fileType = wrapper.framework;
			path = Alamofire.framework;
			remoteRef = 9AEDC0431F25A61200A9054E /* PBXContainerItemProxy */;
			sourceTree = BUILT_PRODUCTS_DIR;
		};
		9AEDC0461F25A61200A9054E /* Alamofire macOS Tests.xctest */ = {
			isa = PBXReferenceProxy;
			fileType = wrapper.cfbundle;
			path = "Alamofire macOS Tests.xctest";
			remoteRef = 9AEDC0451F25A61200A9054E /* PBXContainerItemProxy */;
			sourceTree = BUILT_PRODUCTS_DIR;
		};
		9AEDC0481F25A61200A9054E /* Alamofire.framework */ = {
			isa = PBXReferenceProxy;
			fileType = wrapper.framework;
			path = Alamofire.framework;
			remoteRef = 9AEDC0471F25A61200A9054E /* PBXContainerItemProxy */;
			sourceTree = BUILT_PRODUCTS_DIR;
		};
		9AEDC04A1F25A61200A9054E /* Alamofire tvOS Tests.xctest */ = {
			isa = PBXReferenceProxy;
			fileType = wrapper.cfbundle;
			path = "Alamofire tvOS Tests.xctest";
			remoteRef = 9AEDC0491F25A61200A9054E /* PBXContainerItemProxy */;
			sourceTree = BUILT_PRODUCTS_DIR;
		};
		9AEDC04C1F25A61200A9054E /* Alamofire.framework */ = {
			isa = PBXReferenceProxy;
			fileType = wrapper.framework;
			path = Alamofire.framework;
			remoteRef = 9AEDC04B1F25A61200A9054E /* PBXContainerItemProxy */;
			sourceTree = BUILT_PRODUCTS_DIR;
		};
/* End PBXReferenceProxy section */

/* Begin PBXResourcesBuildPhase section */
		9AEDC01D1F259AE800A9054E /* Resources */ = {
			isa = PBXResourcesBuildPhase;
			buildActionMask = 2147483647;
			files = (
				9AEDC02D1F259AE800A9054E /* LaunchScreen.storyboard in Resources */,
				9AEDC02A1F259AE800A9054E /* Assets.xcassets in Resources */,
				9AEDC0281F259AE800A9054E /* Main.storyboard in Resources */,
			);
			runOnlyForDeploymentPostprocessing = 0;
		};
/* End PBXResourcesBuildPhase section */

/* Begin PBXSourcesBuildPhase section */
		9AEDC01B1F259AE800A9054E /* Sources */ = {
			isa = PBXSourcesBuildPhase;
			buildActionMask = 2147483647;
			files = (
				9AEDC0251F259AE800A9054E /* ViewController.swift in Sources */,
				9AEDC0231F259AE800A9054E /* AppDelegate.swift in Sources */,
			);
			runOnlyForDeploymentPostprocessing = 0;
		};
/* End PBXSourcesBuildPhase section */

/* Begin PBXTargetDependency section */
		9A50C2821F25E00B00AAC7D0 /* PBXTargetDependency */ = {
			isa = PBXTargetDependency;
			name = "Alamofire iOS";
			targetProxy = 9A50C2811F25E00B00AAC7D0 /* PBXContainerItemProxy */;
		};
/* End PBXTargetDependency section */

/* Begin PBXVariantGroup section */
		9AEDC0261F259AE800A9054E /* Main.storyboard */ = {
			isa = PBXVariantGroup;
			children = (
				9AEDC0271F259AE800A9054E /* Base */,
			);
			name = Main.storyboard;
			sourceTree = "<group>";
		};
		9AEDC02B1F259AE800A9054E /* LaunchScreen.storyboard */ = {
			isa = PBXVariantGroup;
			children = (
				9AEDC02C1F259AE800A9054E /* Base */,
			);
			name = LaunchScreen.storyboard;
			sourceTree = "<group>";
		};
/* End PBXVariantGroup section */

/* Begin XCBuildConfiguration section */
		9AEDC02F1F259AE800A9054E /* Debug */ = {
			isa = XCBuildConfiguration;
			buildSettings = {
				ALWAYS_SEARCH_USER_PATHS = NO;
				CLANG_ANALYZER_NONNULL = YES;
				CLANG_ANALYZER_NUMBER_OBJECT_CONVERSION = YES_AGGRESSIVE;
				CLANG_CXX_LANGUAGE_STANDARD = "gnu++0x";
				CLANG_CXX_LIBRARY = "libc++";
				CLANG_ENABLE_MODULES = YES;
				CLANG_ENABLE_OBJC_ARC = YES;
				CLANG_WARN_BOOL_CONVERSION = YES;
				CLANG_WARN_CONSTANT_CONVERSION = YES;
				CLANG_WARN_DIRECT_OBJC_ISA_USAGE = YES_ERROR;
				CLANG_WARN_DOCUMENTATION_COMMENTS = YES;
				CLANG_WARN_EMPTY_BODY = YES;
				CLANG_WARN_ENUM_CONVERSION = YES;
				CLANG_WARN_INFINITE_RECURSION = YES;
				CLANG_WARN_INT_CONVERSION = YES;
				CLANG_WARN_OBJC_ROOT_CLASS = YES_ERROR;
				CLANG_WARN_SUSPICIOUS_MOVE = YES;
				CLANG_WARN_UNREACHABLE_CODE = YES;
				CLANG_WARN__DUPLICATE_METHOD_MATCH = YES;
				"CODE_SIGN_IDENTITY[sdk=iphoneos*]" = "iPhone Developer";
				COPY_PHASE_STRIP = NO;
				DEBUG_INFORMATION_FORMAT = dwarf;
				ENABLE_STRICT_OBJC_MSGSEND = YES;
				ENABLE_TESTABILITY = YES;
				GCC_C_LANGUAGE_STANDARD = gnu99;
				GCC_DYNAMIC_NO_PIC = NO;
				GCC_NO_COMMON_BLOCKS = YES;
				GCC_OPTIMIZATION_LEVEL = 0;
				GCC_PREPROCESSOR_DEFINITIONS = (
					"DEBUG=1",
					"$(inherited)",
				);
				GCC_WARN_64_TO_32_BIT_CONVERSION = YES;
				GCC_WARN_ABOUT_RETURN_TYPE = YES_ERROR;
				GCC_WARN_UNDECLARED_SELECTOR = YES;
				GCC_WARN_UNINITIALIZED_AUTOS = YES_AGGRESSIVE;
				GCC_WARN_UNUSED_FUNCTION = YES;
				GCC_WARN_UNUSED_VARIABLE = YES;
				IPHONEOS_DEPLOYMENT_TARGET = 10.3;
				MTL_ENABLE_DEBUG_INFO = YES;
				ONLY_ACTIVE_ARCH = YES;
				SDKROOT = iphoneos;
				SWIFT_ACTIVE_COMPILATION_CONDITIONS = DEBUG;
				SWIFT_OPTIMIZATION_LEVEL = "-Onone";
				TARGETED_DEVICE_FAMILY = "1,2";
			};
			name = Debug;
		};
		9AEDC0301F259AE800A9054E /* Release */ = {
			isa = XCBuildConfiguration;
			buildSettings = {
				ALWAYS_SEARCH_USER_PATHS = NO;
				CLANG_ANALYZER_NONNULL = YES;
				CLANG_ANALYZER_NUMBER_OBJECT_CONVERSION = YES_AGGRESSIVE;
				CLANG_CXX_LANGUAGE_STANDARD = "gnu++0x";
				CLANG_CXX_LIBRARY = "libc++";
				CLANG_ENABLE_MODULES = YES;
				CLANG_ENABLE_OBJC_ARC = YES;
				CLANG_WARN_BOOL_CONVERSION = YES;
				CLANG_WARN_CONSTANT_CONVERSION = YES;
				CLANG_WARN_DIRECT_OBJC_ISA_USAGE = YES_ERROR;
				CLANG_WARN_DOCUMENTATION_COMMENTS = YES;
				CLANG_WARN_EMPTY_BODY = YES;
				CLANG_WARN_ENUM_CONVERSION = YES;
				CLANG_WARN_INFINITE_RECURSION = YES;
				CLANG_WARN_INT_CONVERSION = YES;
				CLANG_WARN_OBJC_ROOT_CLASS = YES_ERROR;
				CLANG_WARN_SUSPICIOUS_MOVE = YES;
				CLANG_WARN_UNREACHABLE_CODE = YES;
				CLANG_WARN__DUPLICATE_METHOD_MATCH = YES;
				"CODE_SIGN_IDENTITY[sdk=iphoneos*]" = "iPhone Developer";
				COPY_PHASE_STRIP = NO;
				DEBUG_INFORMATION_FORMAT = "dwarf-with-dsym";
				ENABLE_NS_ASSERTIONS = NO;
				ENABLE_STRICT_OBJC_MSGSEND = YES;
				GCC_C_LANGUAGE_STANDARD = gnu99;
				GCC_NO_COMMON_BLOCKS = YES;
				GCC_WARN_64_TO_32_BIT_CONVERSION = YES;
				GCC_WARN_ABOUT_RETURN_TYPE = YES_ERROR;
				GCC_WARN_UNDECLARED_SELECTOR = YES;
				GCC_WARN_UNINITIALIZED_AUTOS = YES_AGGRESSIVE;
				GCC_WARN_UNUSED_FUNCTION = YES;
				GCC_WARN_UNUSED_VARIABLE = YES;
				IPHONEOS_DEPLOYMENT_TARGET = 10.3;
				MTL_ENABLE_DEBUG_INFO = NO;
				SDKROOT = iphoneos;
				SWIFT_OPTIMIZATION_LEVEL = "-Owholemodule";
				TARGETED_DEVICE_FAMILY = "1,2";
				VALIDATE_PRODUCT = YES;
			};
			name = Release;
		};
		9AEDC0321F259AE800A9054E /* Debug */ = {
			isa = XCBuildConfiguration;
			buildSettings = {
				ALWAYS_EMBED_SWIFT_STANDARD_LIBRARIES = YES;
				ASSETCATALOG_COMPILER_APPICON_NAME = AppIcon;
				DEVELOPMENT_TEAM = V7UD9B9RAP;
				INFOPLIST_FILE = CloudsApp/Info.plist;
				LD_RUNPATH_SEARCH_PATHS = "$(inherited) @executable_path/Frameworks";
				PRODUCT_BUNDLE_IDENTIFIER = zp4game.com.CloudsApp;
				PRODUCT_NAME = "$(TARGET_NAME)";
				SWIFT_VERSION = 3.0;
			};
			name = Debug;
		};
		9AEDC0331F259AE800A9054E /* Release */ = {
			isa = XCBuildConfiguration;
			buildSettings = {
				ALWAYS_EMBED_SWIFT_STANDARD_LIBRARIES = YES;
				ASSETCATALOG_COMPILER_APPICON_NAME = AppIcon;
				DEVELOPMENT_TEAM = V7UD9B9RAP;
				INFOPLIST_FILE = CloudsApp/Info.plist;
				LD_RUNPATH_SEARCH_PATHS = "$(inherited) @executable_path/Frameworks";
				PRODUCT_BUNDLE_IDENTIFIER = zp4game.com.CloudsApp;
				PRODUCT_NAME = "$(TARGET_NAME)";
				SWIFT_VERSION = 3.0;
			};
			name = Release;
		};
/* End XCBuildConfiguration section */

/* Begin XCConfigurationList section */
		9AEDC01A1F259AE800A9054E /* Build configuration list for PBXProject "CloudsApp" */ = {
			isa = XCConfigurationList;
			buildConfigurations = (
				9AEDC02F1F259AE800A9054E /* Debug */,
				9AEDC0301F259AE800A9054E /* Release */,
			);
			defaultConfigurationIsVisible = 0;
			defaultConfigurationName = Release;
		};
		9AEDC0311F259AE800A9054E /* Build configuration list for PBXNativeTarget "CloudsApp" */ = {
			isa = XCConfigurationList;
			buildConfigurations = (
				9AEDC0321F259AE800A9054E /* Debug */,
				9AEDC0331F259AE800A9054E /* Release */,
			);
			defaultConfigurationIsVisible = 0;
			defaultConfigurationName = Release;
		};
/* End XCConfigurationList section */
	};
	rootObject = 9AEDC0171F259AE800A9054E /* Project object */;
}
